<?xml version="1.0" encoding="utf-8"?>
<Project ToolsVersion="4.0" xmlns="http://schemas.microsoft.com/developer/msbuild/2003">
  <ItemGroup>
    <Filter Include="Source Files">
      <UniqueIdentifier>{06d70d4e-1696-45a1-bc16-05e583e75960}</UniqueIdentifier>
      <Extensions>cpp;c;cxx;rc;def;r;odl;idl;hpj;bat</Extensions>
    </Filter>
    <Filter Include="Header Files">
      <UniqueIdentifier>{20babf6c-3b58-4881-9abf-97db32d9e4f4}</UniqueIdentifier>
      <Extensions>h;hpp;hxx;hm;inl</Extensions>
    </Filter>
    <Filter Include="Resource Files">
      <UniqueIdentifier>{3963f2bb-9ec9-4cb1-81ef-5e256d99c742}</UniqueIdentifier>
      <Extensions>ico;cur;bmp;dlg;rc2;rct;bin;rgs;gif;jpg;jpeg;jpe</Extensions>
    </Filter>
  </ItemGroup>
  <ItemGroup>
    <ClCompile Include="Animate.cpp">
      <Filter>Source Files</Filter>
    </ClCompile>
    <ClCompile Include="AnimateData.cpp">
      <Filter>Source Files</Filter>
    </ClCompile>
    <ClCompile Include="AnimateDlg.cpp">
      <Filter>Source Files</Filter>
    </ClCompile>
    <ClCompile Include="ColorMap.cpp">
      <Filter>Source Files</Filter>
    </ClCompile>
    <ClCompile Include="Common.cpp">
      <Filter>Source Files</Filter>
    </ClCompile>
    <ClCompile Include="LatticeAnimate.cpp">
      <Filter>Source Files</Filter>
    </ClCompile>
    <ClCompile Include="Line.cpp">
      <Filter>Source Files</Filter>
    </ClCompile>
    <ClCompile Include="LymphAnimate.cpp">
      <Filter>Source Files</Filter>
    </ClCompile>
    <ClCompile Include="LymphaticVessle.cpp">
      <Filter>Source Files</Filter>
    </ClCompile>
    <ClCompile Include="MapWindow.cpp">
      <Filter>Source Files</Filter>
    </ClCompile>
    <ClCompile Include="Membrane.cpp">
      <Filter>Source Files</Filter>
    </ClCompile>
    <ClCompile Include="MySliderCtrl.cpp">
      <Filter>Source Files</Filter>
    </ClCompile>
    <ClCompile Include="PermeatAnimate.cpp">
      <Filter>Source Files</Filter>
    </ClCompile>
    <ClCompile Include="PermeatLine.cpp">
      <Filter>Source Files</Filter>
    </ClCompile>
    <ClCompile Include="Petal.cpp">
      <Filter>Source Files</Filter>
    </ClCompile>
    <ClCompile Include="PetalAnimate.cpp">
      <Filter>Source Files</Filter>
    </ClCompile>
    <ClCompile Include="Point.cpp">
      <Filter>Source Files</Filter>
    </ClCompile>
    <ClCompile Include="Segment.cpp">
      <Filter>Source Files</Filter>
    </ClCompile>
    <ClCompile Include="StdAfx.cpp">
      <Filter>Source Files</Filter>
    </ClCompile>
    <ClCompile Include="Text.cpp">
      <Filter>Source Files</Filter>
    </ClCompile>
    <ClCompile Include="Valve.cpp">
      <Filter>Source Files</Filter>
    </ClCompile>
    <ClCompile Include="ValveAnimate.cpp">
      <Filter>Source Files</Filter>
    </ClCompile>
    <ClCompile Include="Vector.cpp">
      <Filter>Source Files</Filter>
    </ClCompile>
    <ClCompile Include="VectorAnimate.cpp">
      <Filter>Source Files</Filter>
    </ClCompile>
    <ClCompile Include="InputStepDialog.cpp">
      <Filter>Source Files</Filter>
    </ClCompile>
  </ItemGroup>
  <ItemGroup>
    <ResourceCompile Include="Animate.rc">
      <Filter>Source Files</Filter>
    </ResourceCompile>
  </ItemGroup>
  <ItemGroup>
    <ClInclude Include="Animate.h">
      <Filter>Header Files</Filter>
    </ClInclude>
    <ClInclude Include="AnimateData.h">
      <Filter>Header Files</Filter>
    </ClInclude>
    <ClInclude Include="AnimateDlg.h">
      <Filter>Header Files</Filter>
    </ClInclude>
    <ClInclude Include="ColorMap.h">
      <Filter>Header Files</Filter>
    </ClInclude>
    <ClInclude Include="Common.h">
      <Filter>Header Files</Filter>
    </ClInclude>
    <ClInclude Include="LatticeAnimate.h">
      <Filter>Header Files</Filter>
    </ClInclude>
    <ClInclude Include="Line.h">
      <Filter>Header Files</Filter>
    </ClInclude>
    <ClInclude Include="lymph_h.h">
      <Filter>Header Files</Filter>
    </ClInclude>
    <ClInclude Include="LymphAnimate.h">
      <Filter>Header Files</Filter>
    </ClInclude>
    <ClInclude Include="LymphaticVessle.h">
      <Filter>Header Files</Filter>
    </ClInclude>
    <ClInclude Include="MapWindow.h">
      <Filter>Header Files</Filter>
    </ClInclude>
    <ClInclude Include="Membrane.h">
      <Filter>Header Files</Filter>
    </ClInclude>
    <ClInclude Include="MySliderCtrl.h">
      <Filter>Header Files</Filter>
    </ClInclude>
    <ClInclude Include="PermeatAnimate.h">
      <Filter>Header Files</Filter>
    </ClInclude>
    <ClInclude Include="PermeatLine.h">
      <Filter>Header Files</Filter>
    </ClInclude>
    <ClInclude Include="Petal.h">
      <Filter>Header Files</Filter>
    </ClInclude>
    <ClInclude Include="PetalAnimate.h">
      <Filter>Header Files</Filter>
    </ClInclude>
    <ClInclude Include="Point.h">
      <Filter>Header Files</Filter>
    </ClInclude>
    <ClInclude Include="Resource.h">
      <Filter>Header Files</Filter>
    </ClInclude>
    <ClInclude Include="Segment.h">
      <Filter>Header Files</Filter>
    </ClInclude>
    <ClInclude Include="StdAfx.h">
      <Filter>Header Files</Filter>
    </ClInclude>
    <ClInclude Include="Text.h">
      <Filter>Header Files</Filter>
    </ClInclude>
    <ClInclude Include="Valve.h">
      <Filter>Header Files</Filter>
    </ClInclude>
    <ClInclude Include="ValveAnimate.h">
      <Filter>Header Files</Filter>
    </ClInclude>
    <ClInclude Include="Vector.h">
      <Filter>Header Files</Filter>
    </ClInclude>
    <ClInclude Include="VectorAnimate.h">
      <Filter>Header Files</Filter>
    </ClInclude>
    <ClInclude Include="InputStepDialog.h">
      <Filter>Header Files</Filter>
    </ClInclude>
  </ItemGroup>
  <ItemGroup>
    <Image Include="res\Animate.ico">
      <Filter>Resource Files</Filter>
    </Image>
    <Image Include="res\f.bmp">
      <Filter>Resource Files</Filter>
    </Image>
  </ItemGroup>
  <ItemGroup>
    <Text Include="ReadMe.txt" />
  </ItemGroup>
  <ItemGroup>
    <CustomBuild Include="res\Animate.rc2">
      <Filter>Resource Files</Filter>
    </CustomBuild>
  </ItemGroup>
</Project>